// !$*UTF8*$!
{
	archiveVersion = 1;
	classes = {
	};
	objectVersion = 50;
	objects = {

/* Begin PBXBuildFile section */
		89370A2F21A60A2F001A3D37 /* AppDelegate.swift in Sources */ = {isa = PBXBuildFile; fileRef = 89370A2E21A60A2F001A3D37 /* AppDelegate.swift */; };
		89370A3121A60A2F001A3D37 /* ViewController.swift in Sources */ = {isa = PBXBuildFile; fileRef = 89370A3021A60A2F001A3D37 /* ViewController.swift */; };
		89370A3421A60A2F001A3D37 /* Main.storyboard in Resources */ = {isa = PBXBuildFile; fileRef = 89370A3221A60A2F001A3D37 /* Main.storyboard */; };
		89370A3621A60A34001A3D37 /* Assets.xcassets in Resources */ = {isa = PBXBuildFile; fileRef = 89370A3521A60A34001A3D37 /* Assets.xcassets */; };
		89370A3921A60A34001A3D37 /* LaunchScreen.storyboard in Resources */ = {isa = PBXBuildFile; fileRef = 89370A3721A60A34001A3D37 /* LaunchScreen.storyboard */; };
		8962C5AA21CA406B004C730F /* Model.swift in Sources */ = {isa = PBXBuildFile; fileRef = 8962C5A921CA406B004C730F /* Model.swift */; };
		8962C5AC21D0F1C0004C730F /* MainScreen.swift in Sources */ = {isa = PBXBuildFile; fileRef = 8962C5AB21D0F1C0004C730F /* MainScreen.swift */; };
		899DBDCB21B5521700DDA5E3 /* Networking.swift in Sources */ = {isa = PBXBuildFile; fileRef = 899DBDCA21B5521700DDA5E3 /* Networking.swift */; };
/* End PBXBuildFile section */

/* Begin PBXFileReference section */
		89370A2B21A60A2F001A3D37 /* Oakland Crime Tracker.app */ = {isa = PBXFileReference; explicitFileType = wrapper.application; includeInIndex = 0; path = "Oakland Crime Tracker.app"; sourceTree = BUILT_PRODUCTS_DIR; };
		89370A2E21A60A2F001A3D37 /* AppDelegate.swift */ = {isa = PBXFileReference; lastKnownFileType = sourcecode.swift; path = AppDelegate.swift; sourceTree = "<group>"; };
		89370A3021A60A2F001A3D37 /* ViewController.swift */ = {isa = PBXFileReference; lastKnownFileType = sourcecode.swift; path = ViewController.swift; sourceTree = "<group>"; };
		89370A3321A60A2F001A3D37 /* Base */ = {isa = PBXFileReference; lastKnownFileType = file.storyboard; name = Base; path = Base.lproj/Main.storyboard; sourceTree = "<group>"; };
		89370A3521A60A34001A3D37 /* Assets.xcassets */ = {isa = PBXFileReference; lastKnownFileType = folder.assetcatalog; path = Assets.xcassets; sourceTree = "<group>"; };
		89370A3821A60A34001A3D37 /* Base */ = {isa = PBXFileReference; lastKnownFileType = file.storyboard; name = Base; path = Base.lproj/LaunchScreen.storyboard; sourceTree = "<group>"; };
		89370A3A21A60A34001A3D37 /* Info.plist */ = {isa = PBXFileReference; lastKnownFileType = text.plist.xml; path = Info.plist; sourceTree = "<group>"; };
		8962C5A921CA406B004C730F /* Model.swift */ = {isa = PBXFileReference; lastKnownFileType = sourcecode.swift; path = Model.swift; sourceTree = "<group>"; };
		8962C5AB21D0F1C0004C730F /* MainScreen.swift */ = {isa = PBXFileReference; lastKnownFileType = sourcecode.swift; path = MainScreen.swift; sourceTree = "<group>"; };
		899DBDCA21B5521700DDA5E3 /* Networking.swift */ = {isa = PBXFileReference; lastKnownFileType = sourcecode.swift; path = Networking.swift; sourceTree = "<group>"; };
/* End PBXFileReference section */

/* Begin PBXFrameworksBuildPhase section */
		89370A2821A60A2F001A3D37 /* Frameworks */ = {
			isa = PBXFrameworksBuildPhase;
			buildActionMask = 2147483647;
			files = (
			);
			runOnlyForDeploymentPostprocessing = 0;
		};
/* End PBXFrameworksBuildPhase section */

/* Begin PBXGroup section */
		89370A2221A60A2F001A3D37 = {
			isa = PBXGroup;
			children = (
				89370A2D21A60A2F001A3D37 /* Oakland Crime Tracker */,
				89370A2C21A60A2F001A3D37 /* Products */,
			);
			sourceTree = "<group>";
		};
		89370A2C21A60A2F001A3D37 /* Products */ = {
			isa = PBXGroup;
			children = (
				89370A2B21A60A2F001A3D37 /* Oakland Crime Tracker.app */,
			);
			name = Products;
			sourceTree = "<group>";
		};
		89370A2D21A60A2F001A3D37 /* Oakland Crime Tracker */ = {
			isa = PBXGroup;
			children = (
				89370A2E21A60A2F001A3D37 /* AppDelegate.swift */,
				899DBDCD21B5523900DDA5E3 /* Model */,
				899DBDCC21B5522500DDA5E3 /* View */,
				899DBDC921B551F500DDA5E3 /* Networking */,
				89370A3521A60A34001A3D37 /* Assets.xcassets */,
				89370A3721A60A34001A3D37 /* LaunchScreen.storyboard */,
				89370A3A21A60A34001A3D37 /* Info.plist */,
			);
			path = "Oakland Crime Tracker";
			sourceTree = "<group>";
		};
		899DBDC921B551F500DDA5E3 /* Networking */ = {
			isa = PBXGroup;
			children = (
				899DBDCA21B5521700DDA5E3 /* Networking.swift */,
			);
			path = Networking;
			sourceTree = "<group>";
		};
		899DBDCC21B5522500DDA5E3 /* View */ = {
			isa = PBXGroup;
			children = (
				89370A3221A60A2F001A3D37 /* Main.storyboard */,
				8962C5AB21D0F1C0004C730F /* MainScreen.swift */,
				89370A3021A60A2F001A3D37 /* ViewController.swift */,
			);
			path = View;
			sourceTree = "<group>";
		};
		899DBDCD21B5523900DDA5E3 /* Model */ = {
			isa = PBXGroup;
			children = (
				8962C5A921CA406B004C730F /* Model.swift */,
			);
			path = Model;
			sourceTree = "<group>";
		};
/* End PBXGroup section */

/* Begin PBXNativeTarget section */
		89370A2A21A60A2F001A3D37 /* Oakland Crime Tracker */ = {
			isa = PBXNativeTarget;
			buildConfigurationList = 89370A3D21A60A34001A3D37 /* Build configuration list for PBXNativeTarget "Oakland Crime Tracker" */;
			buildPhases = (
				89370A2721A60A2F001A3D37 /* Sources */,
				89370A2821A60A2F001A3D37 /* Frameworks */,
				89370A2921A60A2F001A3D37 /* Resources */,
			);
			buildRules = (
			);
			dependencies = (
			);
			name = "Oakland Crime Tracker";
			productName = "Oakland Crime Tracker";
			productReference = 89370A2B21A60A2F001A3D37 /* Oakland Crime Tracker.app */;
			productType = "com.apple.product-type.application";
		};
/* End PBXNativeTarget section */

/* Begin PBXProject section */
		89370A2321A60A2F001A3D37 /* Project object */ = {
			isa = PBXProject;
			attributes = {
				LastSwiftUpdateCheck = 1010;
				LastUpgradeCheck = 1010;
				ORGANIZATIONNAME = "Alphonso Sensley II";
				TargetAttributes = {
					89370A2A21A60A2F001A3D37 = {
						CreatedOnToolsVersion = 10.1;
					};
				};
			};
			buildConfigurationList = 89370A2621A60A2F001A3D37 /* Build configuration list for PBXProject "Oakland Crime Tracker" */;
			compatibilityVersion = "Xcode 9.3";
			developmentRegion = en;
			hasScannedForEncodings = 0;
			knownRegions = (
				en,
				Base,
			);
			mainGroup = 89370A2221A60A2F001A3D37;
			productRefGroup = 89370A2C21A60A2F001A3D37 /* Products */;
			projectDirPath = "";
			projectRoot = "";
			targets = (
				89370A2A21A60A2F001A3D37 /* Oakland Crime Tracker */,
			);
		};
/* End PBXProject section */

/* Begin PBXResourcesBuildPhase section */
		89370A2921A60A2F001A3D37 /* Resources */ = {
			isa = PBXResourcesBuildPhase;
			buildActionMask = 2147483647;
			files = (
				89370A3921A60A34001A3D37 /* LaunchScreen.storyboard in Resources */,
				89370A3621A60A34001A3D37 /* Assets.xcassets in Resources */,
				89370A3421A60A2F001A3D37 /* Main.storyboard in Resources */,
			);
			runOnlyForDeploymentPostprocessing = 0;
		};
/* End PBXResourcesBuildPhase section */

/* Begin PBXSourcesBuildPhase section */
		89370A2721A60A2F001A3D37 /* Sources */ = {
			isa = PBXSourcesBuildPhase;
			buildActionMask = 2147483647;
			files = (
				899DBDCB21B5521700DDA5E3 /* Networking.swift in Sources */,
				89370A3121A60A2F001A3D37 /* ViewController.swift in Sources */,
				8962C5AC21D0F1C0004C730F /* MainScreen.swift in Sources */,
				89370A2F21A60A2F001A3D37 /* AppDelegate.swift in Sources */,
				8962C5AA21CA406B004C730F /* Model.swift in Sources */,
			);
			runOnlyForDeploymentPostprocessing = 0;
		};
/* End PBXSourcesBuildPhase section */

/* Begin PBXVariantGroup section */
		89370A3221A60A2F001A3D37 /* Main.storyboard */ = {
			isa = PBXVariantGroup;
			children = (
				89370A3321A60A2F001A3D37 /* Base */,
			);
			name = Main.storyboard;
			sourceTree = "<group>";
		};
		89370A3721A60A34001A3D37 /* LaunchScreen.storyboard */ = {
			isa = PBXVariantGroup;
			children = (
				89370A3821A60A34001A3D37 /* Base */,
			);
			name = LaunchScreen.storyboard;
			sourceTree = "<group>";
		};
/* End PBXVariantGroup section */

/* Begin XCBuildConfiguration section */
		89370A3B21A60A34001A3D37 /* Debug */ = {
			isa = XCBuildConfiguration;
			buildSettings = {
				ALWAYS_SEARCH_USER_PATHS = NO;
				CLANG_ANALYZER_NONNULL = YES;
				CLANG_ANALYZER_NUMBER_OBJECT_CONVERSION = YES_AGGRESSIVE;
				CLANG_CXX_LANGUAGE_STANDARD = "gnu++14";
				CLANG_CXX_LIBRARY = "libc++";
				CLANG_ENABLE_MODULES = YES;
				CLANG_ENABLE_OBJC_ARC = YES;
				CLANG_ENABLE_OBJC_WEAK = YES;
				CLANG_WARN_BLOCK_CAPTURE_AUTORELEASING = YES;
				CLANG_WARN_BOOL_CONVERSION = YES;
				CLANG_WARN_COMMA = YES;
				CLANG_WARN_CONSTANT_CONVERSION = YES;
				CLANG_WARN_DEPRECATED_OBJC_IMPLEMENTATIONS = YES;
				CLANG_WARN_DIRECT_OBJC_ISA_USAGE = YES_ERROR;
				CLANG_WARN_DOCUMENTATION_COMMENTS = YES;
				CLANG_WARN_EMPTY_BODY = YES;
				CLANG_WARN_ENUM_CONVERSION = YES;
				CLANG_WARN_INFINITE_RECURSION = YES;
				CLANG_WARN_INT_CONVERSION = YES;
				CLANG_WARN_NON_LITERAL_NULL_CONVERSION = YES;
				CLANG_WARN_OBJC_IMPLICIT_RETAIN_SELF = YES;
				CLANG_WARN_OBJC_LITERAL_CONVERSION = YES;
				CLANG_WARN_OBJC_ROOT_CLASS = YES_ERROR;
				CLANG_WARN_RANGE_LOOP_ANALYSIS = YES;
				CLANG_WARN_STRICT_PROTOTYPES = YES;
				CLANG_WARN_SUSPICIOUS_MOVE = YES;
				CLANG_WARN_UNGUARDED_AVAILABILITY = YES_AGGRESSIVE;
				CLANG_WARN_UNREACHABLE_CODE = YES;
				CLANG_WARN__DUPLICATE_METHOD_MATCH = YES;
				CODE_SIGN_IDENTITY = "iPhone Developer";
				COPY_PHASE_STRIP = NO;
				DEBUG_INFORMATION_FORMAT = dwarf;
				ENABLE_STRICT_OBJC_MSGSEND = YES;
				ENABLE_TESTABILITY = YES;
				GCC_C_LANGUAGE_STANDARD = gnu11;
				GCC_DYNAMIC_NO_PIC = NO;
				GCC_NO_COMMON_BLOCKS = YES;
				GCC_OPTIMIZATION_LEVEL = 0;
				GCC_PREPROCESSOR_DEFINITIONS = (
					"DEBUG=1",
					"$(inherited)",
				);
				GCC_WARN_64_TO_32_BIT_CONVERSION = YES;
				GCC_WARN_ABOUT_RETURN_TYPE = YES_ERROR;
				GCC_WARN_UNDECLARED_SELECTOR = YES;
				GCC_WARN_UNINITIALIZED_AUTOS = YES_AGGRESSIVE;
				GCC_WARN_UNUSED_FUNCTION = YES;
				GCC_WARN_UNUSED_VARIABLE = YES;
				IPHONEOS_DEPLOYMENT_TARGET = 12.1;
				MTL_ENABLE_DEBUG_INFO = INCLUDE_SOURCE;
				MTL_FAST_MATH = YES;
				ONLY_ACTIVE_ARCH = YES;
				SDKROOT = iphoneos;
				SWIFT_ACTIVE_COMPILATION_CONDITIONS = DEBUG;
				SWIFT_OPTIMIZATION_LEVEL = "-Onone";
			};
			name = Debug;
		};
		89370A3C21A60A34001A3D37 /* Release */ = {
			isa = XCBuildConfiguration;
			buildSettings = {
				ALWAYS_SEARCH_USER_PATHS = NO;
				CLANG_ANALYZER_NONNULL = YES;
				CLANG_ANALYZER_NUMBER_OBJECT_CONVERSION = YES_AGGRESSIVE;
				CLANG_CXX_LANGUAGE_STANDARD = "gnu++14";
				CLANG_CXX_LIBRARY = "libc++";
				CLANG_ENABLE_MODULES = YES;
				CLANG_ENABLE_OBJC_ARC = YES;
				CLANG_ENABLE_OBJC_WEAK = YES;
				CLANG_WARN_BLOCK_CAPTURE_AUTORELEASING = YES;
				CLANG_WARN_BOOL_CONVERSION = YES;
				CLANG_WARN_COMMA = YES;
				CLANG_WARN_CONSTANT_CONVERSION = YES;
				CLANG_WARN_DEPRECATED_OBJC_IMPLEMENTATIONS = YES;
				CLANG_WARN_DIRECT_OBJC_ISA_USAGE = YES_ERROR;
				CLANG_WARN_DOCUMENTATION_COMMENTS = YES;
				CLANG_WARN_EMPTY_BODY = YES;
				CLANG_WARN_ENUM_CONVERSION = YES;
				CLANG_WARN_INFINITE_RECURSION = YES;
				CLANG_WARN_INT_CONVERSION = YES;
				CLANG_WARN_NON_LITERAL_NULL_CONVERSION = YES;
				CLANG_WARN_OBJC_IMPLICIT_RETAIN_SELF = YES;
				CLANG_WARN_OBJC_LITERAL_CONVERSION = YES;
				CLANG_WARN_OBJC_ROOT_CLASS = YES_ERROR;
				CLANG_WARN_RANGE_LOOP_ANALYSIS = YES;
				CLANG_WARN_STRICT_PROTOTYPES = YES;
				CLANG_WARN_SUSPICIOUS_MOVE = YES;
				CLANG_WARN_UNGUARDED_AVAILABILITY = YES_AGGRESSIVE;
				CLANG_WARN_UNREACHABLE_CODE = YES;
				CLANG_WARN__DUPLICATE_METHOD_MATCH = YES;
				CODE_SIGN_IDENTITY = "iPhone Developer";
				COPY_PHASE_STRIP = NO;
				DEBUG_INFORMATION_FORMAT = "dwarf-with-dsym";
				ENABLE_NS_ASSERTIONS = NO;
				ENABLE_STRICT_OBJC_MSGSEND = YES;
				GCC_C_LANGUAGE_STANDARD = gnu11;
				GCC_NO_COMMON_BLOCKS = YES;
				GCC_WARN_64_TO_32_BIT_CONVERSION = YES;
				GCC_WARN_ABOUT_RETURN_TYPE = YES_ERROR;
				GCC_WARN_UNDECLARED_SELECTOR = YES;
				GCC_WARN_UNINITIALIZED_AUTOS = YES_AGGRESSIVE;
				GCC_WARN_UNUSED_FUNCTION = YES;
				GCC_WARN_UNUSED_VARIABLE = YES;
				IPHONEOS_DEPLOYMENT_TARGET = 12.1;
				MTL_ENABLE_DEBUG_INFO = NO;
				MTL_FAST_MATH = YES;
				SDKROOT = iphoneos;
				SWIFT_COMPILATION_MODE = wholemodule;
				SWIFT_OPTIMIZATION_LEVEL = "-O";
				VALIDATE_PRODUCT = YES;
			};
			name = Release;
		};
		89370A3E21A60A34001A3D37 /* Debug */ = {
			isa = XCBuildConfiguration;
			buildSettings = {
				ASSETCATALOG_COMPILER_APPICON_NAME = AppIcon;
				CODE_SIGN_STYLE = Automatic;
				DEVELOPMENT_TEAM = 6257XTCRBF;
				INFOPLIST_FILE = "Oakland Crime Tracker/Info.plist";
				LD_RUNPATH_SEARCH_PATHS = (
					"$(inherited)",
					"@executable_path/Frameworks",
				);
				PRODUCT_BUNDLE_IDENTIFIER = "com.Alphonso-Sensley-II.Oakland-Crime-Tracker";
				PRODUCT_NAME = "$(TARGET_NAME)";
				SWIFT_VERSION = 4.2;
				TARGETED_DEVICE_FAMILY = "1,2";
			};
			name = Debug;
		};
		89370A3F21A60A34001A3D37 /* Release */ = {
			isa = XCBuildConfiguration;
			buildSettings = {
				ASSETCATALOG_COMPILER_APPICON_NAME = AppIcon;
				CODE_SIGN_STYLE = Automatic;
				DEVELOPMENT_TEAM = 6257XTCRBF;
				INFOPLIST_FILE = "Oakland Crime Tracker/Info.plist";
				LD_RUNPATH_SEARCH_PATHS = (
					"$(inherited)",
					"@executable_path/Frameworks",
				);
				PRODUCT_BUNDLE_IDENTIFIER = "com.Alphonso-Sensley-II.Oakland-Crime-Tracker";
				PRODUCT_NAME = "$(TARGET_NAME)";
				SWIFT_VERSION = 4.2;
				TARGETED_DEVICE_FAMILY = "1,2";
			};
			name = Release;
		};
/* End XCBuildConfiguration section */

/* Begin XCConfigurationList section */
		89370A2621A60A2F001A3D37 /* Build configuration list for PBXProject "Oakland Crime Tracker" */ = {
			isa = XCConfigurationList;
			buildConfigurations = (
				89370A3B21A60A34001A3D37 /* Debug */,
				89370A3C21A60A34001A3D37 /* Release */,
			);
			defaultConfigurationIsVisible = 0;
			defaultConfigurationName = Release;
		};
		89370A3D21A60A34001A3D37 /* Build configuration list for PBXNativeTarget "Oakland Crime Tracker" */ = {
			isa = XCConfigurationList;
			buildConfigurations = (
				89370A3E21A60A34001A3D37 /* Debug */,
				89370A3F21A60A34001A3D37 /* Release */,
			);
			defaultConfigurationIsVisible = 0;
			defaultConfigurationName = Release;
		};
/* End XCConfigurationList section */
	};
	rootObject = 89370A2321A60A2F001A3D37 /* Project object */;
}
